// !$*UTF8*$!
{
	archiveVersion = 1;
	classes = {
	};
	objectVersion = 54;
	objects = {

/* Begin PBXBuildFile section */
		003286C1910F48C68118B9C6 /* SourceSans3-ExtraBold.ttf in Resources */ = {isa = PBXBuildFile; fileRef = 1BD2894F21324DEEAC76401D /* SourceSans3-ExtraBold.ttf */; };
		014D024556A34C25945B435D /* SourceSans3-SemiBoldItalic.ttf in Resources */ = {isa = PBXBuildFile; fileRef = F50006A7AA6E474CA6436435 /* SourceSans3-SemiBoldItalic.ttf */; };
		0C80B921A6F3F58F76C31292 /* libPods-Tomo.a in Frameworks */ = {isa = PBXBuildFile; fileRef = 5DCACB8F33CDC322A6C60F78 /* libPods-Tomo.a */; };
		0DCE058A28B64201B74C9D28 /* OpenSans-LightItalic.ttf in Resources */ = {isa = PBXBuildFile; fileRef = DD267FCACBA94C648380064B /* OpenSans-LightItalic.ttf */; };
		113F93C430384C3AB07E60D4 /* OpenSans_SemiCondensed-SemiBold.ttf in Resources */ = {isa = PBXBuildFile; fileRef = C5328AD90B794662A62FCCFB /* OpenSans_SemiCondensed-SemiBold.ttf */; };
		13B07FBF1A68108700A75B9A /* Images.xcassets in Resources */ = {isa = PBXBuildFile; fileRef = 13B07FB51A68108700A75B9A /* Images.xcassets */; };
		160ABA58698749AD95443B8E /* OpenSans_Condensed-MediumItalic.ttf in Resources */ = {isa = PBXBuildFile; fileRef = FD00E26177F1410FB0AA981D /* OpenSans_Condensed-MediumItalic.ttf */; };
		16E1660CF09F44F58FD1BC0F /* OpenSans_Condensed-Italic.ttf in Resources */ = {isa = PBXBuildFile; fileRef = 82630872E07E451E8A852DCD /* OpenSans_Condensed-Italic.ttf */; };
		1B1D5E144783402B81C73A66 /* OpenSans_Condensed-Regular.ttf in Resources */ = {isa = PBXBuildFile; fileRef = 808163E6E9B54216BCDF8BC0 /* OpenSans_Condensed-Regular.ttf */; };
		2067BE2D347D417AAABE322E /* SourceSans3-BoldItalic.ttf in Resources */ = {isa = PBXBuildFile; fileRef = 4D638C93CCD84BC7B36954D3 /* SourceSans3-BoldItalic.ttf */; };
		21FB5DE440574D9495AF6801 /* SourceSans3-Bold.ttf in Resources */ = {isa = PBXBuildFile; fileRef = D9F9EBCEE363460A9028662E /* SourceSans3-Bold.ttf */; };
		2DAD5AFFB0F94390A6D084E6 /* SourceSans3-Black.ttf in Resources */ = {isa = PBXBuildFile; fileRef = E2D80CB407FE448CB7B34316 /* SourceSans3-Black.ttf */; };
		2DD667A4DD6F4569BCBADCD5 /* OpenSans-Bold.ttf in Resources */ = {isa = PBXBuildFile; fileRef = 17963795BBF34DCA9CDD0E8C /* OpenSans-Bold.ttf */; };
		38830431E45A85C28E77E08C /* PrivacyInfo.xcprivacy in Resources */ = {isa = PBXBuildFile; fileRef = 13B07FB81A68108700A75B9A /* PrivacyInfo.xcprivacy */; };
		3AF2602EFE3841B09F5063A0 /* OpenSans_Condensed-BoldItalic.ttf in Resources */ = {isa = PBXBuildFile; fileRef = 0077FDBE67AF4727900763EC /* OpenSans_Condensed-BoldItalic.ttf */; };
		3B2EBE9FD3BA4C5F9A156532 /* OpenSans_SemiCondensed-BoldItalic.ttf in Resources */ = {isa = PBXBuildFile; fileRef = 9924C657D39C439BAE24CBED /* OpenSans_SemiCondensed-BoldItalic.ttf */; };
		3D75103184F744A58A6C9821 /* OpenSans_Condensed-SemiBoldItalic.ttf in Resources */ = {isa = PBXBuildFile; fileRef = A70DA1AD739944969CBB75FE /* OpenSans_Condensed-SemiBoldItalic.ttf */; };
		41F8C5D1BE884A2A8E87AE81 /* SourceSans3-ExtraBoldItalic.ttf in Resources */ = {isa = PBXBuildFile; fileRef = EBD1274765A8438AADA8DC68 /* SourceSans3-ExtraBoldItalic.ttf */; };
		487C040763A84288A49C689E /* OpenSans_SemiCondensed-Medium.ttf in Resources */ = {isa = PBXBuildFile; fileRef = F18E83672B5E4BE4A77E43DB /* OpenSans_SemiCondensed-Medium.ttf */; };
		48BAFDB0C2944F4FB634A921 /* OpenSans-SemiBold.ttf in Resources */ = {isa = PBXBuildFile; fileRef = E9DFCD2237A04F7ABB50F89F /* OpenSans-SemiBold.ttf */; };
		4BCB7D109D6448DF9464A8C7 /* OpenSans_Condensed-ExtraBoldItalic.ttf in Resources */ = {isa = PBXBuildFile; fileRef = E4BC4FA7F2AE4BD484F9DD00 /* OpenSans_Condensed-ExtraBoldItalic.ttf */; };
		4EC97B3D419E4D3883BF9CEF /* OpenSans_Condensed-Bold.ttf in Resources */ = {isa = PBXBuildFile; fileRef = DEC98F8D28FB4D4ABFFC6C65 /* OpenSans_Condensed-Bold.ttf */; };
		6391BFA457404981A4330384 /* OpenSans_Condensed-LightItalic.ttf in Resources */ = {isa = PBXBuildFile; fileRef = 808163DA62124246BE0C2F6A /* OpenSans_Condensed-LightItalic.ttf */; };
		722CBBB5659D4B709E290FC0 /* OpenSans-BoldItalic.ttf in Resources */ = {isa = PBXBuildFile; fileRef = 20306F99B2CC41AE9402D16C /* OpenSans-BoldItalic.ttf */; };
		7594091239554AB3911B35A7 /* OpenSans_Condensed-SemiBold.ttf in Resources */ = {isa = PBXBuildFile; fileRef = 6FD4ACC1A9F44E11A3F921BB /* OpenSans_Condensed-SemiBold.ttf */; };
		761780ED2CA45674006654EE /* AppDelegate.swift in Sources */ = {isa = PBXBuildFile; fileRef = 761780EC2CA45674006654EE /* AppDelegate.swift */; };
		787CAC836A77451680F8D9DE /* OpenSans_SemiCondensed-ExtraBoldItalic.ttf in Resources */ = {isa = PBXBuildFile; fileRef = F50896B30A324477B79A3E57 /* OpenSans_SemiCondensed-ExtraBoldItalic.ttf */; };
		81AB9BB82411601600AC10FF /* LaunchScreen.storyboard in Resources */ = {isa = PBXBuildFile; fileRef = 81AB9BB72411601600AC10FF /* LaunchScreen.storyboard */; };
		8C7E69ADFD3843CE846966C7 /* OpenSans_SemiCondensed-LightItalic.ttf in Resources */ = {isa = PBXBuildFile; fileRef = 0B5C680FD1AE4790B0AB5D77 /* OpenSans_SemiCondensed-LightItalic.ttf */; };
		914EC1EFB25A496EB95CC086 /* OpenSans-ExtraBold.ttf in Resources */ = {isa = PBXBuildFile; fileRef = 9965B216B8824F17BC97BA44 /* OpenSans-ExtraBold.ttf */; };
		94290F8515CB4476AF1FB9C0 /* OpenSans_SemiCondensed-Regular.ttf in Resources */ = {isa = PBXBuildFile; fileRef = E2BDC0E5ECB941C1A55DADD9 /* OpenSans_SemiCondensed-Regular.ttf */; };
		95509F8934CD44AD846B366C /* OpenSans_SemiCondensed-Italic.ttf in Resources */ = {isa = PBXBuildFile; fileRef = 4B1B683BC07842858E51D4E7 /* OpenSans_SemiCondensed-Italic.ttf */; };
		95CDC8BCD0854095A9ADAFDC /* SourceSans3-BlackItalic.ttf in Resources */ = {isa = PBXBuildFile; fileRef = A0C60AB4F23B4D238B503F80 /* SourceSans3-BlackItalic.ttf */; };
		95FB550121134FE3A2B59346 /* SourceSans3-MediumItalic.ttf in Resources */ = {isa = PBXBuildFile; fileRef = B3F30482A4614A42A5C7EF26 /* SourceSans3-MediumItalic.ttf */; };
		9852BFA993974F4882C020BF /* SourceSans3-LightItalic.ttf in Resources */ = {isa = PBXBuildFile; fileRef = 78C876BBB2894EA8BC2CAB3B /* SourceSans3-LightItalic.ttf */; };
		9B908062474643EEAD88AC39 /* OpenSans_SemiCondensed-ExtraBold.ttf in Resources */ = {isa = PBXBuildFile; fileRef = F449E57B22BD4C08B8C9BC1C /* OpenSans_SemiCondensed-ExtraBold.ttf */; };
		9EF9AE59B3904C43A3CBF78A /* OpenSans-Regular.ttf in Resources */ = {isa = PBXBuildFile; fileRef = B50CE4807DFE44AE871EC50D /* OpenSans-Regular.ttf */; };
		9F9FBC9675B841B890C78FC1 /* OpenSans-ExtraBoldItalic.ttf in Resources */ = {isa = PBXBuildFile; fileRef = 8707EADE5BDD400D921FBE43 /* OpenSans-ExtraBoldItalic.ttf */; };
		A32191FDEC2B428B860CD9C2 /* OpenSans-Light.ttf in Resources */ = {isa = PBXBuildFile; fileRef = 22012F4D2DB94D4DB30CDBA4 /* OpenSans-Light.ttf */; };
		A459971339494488A141E714 /* SourceSans3-Medium.ttf in Resources */ = {isa = PBXBuildFile; fileRef = 5866A4B392DC4C6DA4A7B67E /* SourceSans3-Medium.ttf */; };
		A635C77B203E4DA2A25727B1 /* OpenSans-Italic.ttf in Resources */ = {isa = PBXBuildFile; fileRef = 9E1C586F0C8F4962AA5AFD9C /* OpenSans-Italic.ttf */; };
		A6EA7D6A2C9D48A487607C10 /* OpenSans_SemiCondensed-MediumItalic.ttf in Resources */ = {isa = PBXBuildFile; fileRef = F60E42D5EF2E4B908A642DB6 /* OpenSans_SemiCondensed-MediumItalic.ttf */; };
		B6372F1B2C2B451B9E6160C1 /* OpenSans-Medium.ttf in Resources */ = {isa = PBXBuildFile; fileRef = D60B18B639D843668529FF4D /* OpenSans-Medium.ttf */; };
		B7525A7C4EC64E468ED60CDD /* SourceSans3-ExtraLight.ttf in Resources */ = {isa = PBXBuildFile; fileRef = 7169E029C8C54EF691BF49FC /* SourceSans3-ExtraLight.ttf */; };
		BFA186E8536A42189DC5E0AC /* OpenSans_SemiCondensed-Bold.ttf in Resources */ = {isa = PBXBuildFile; fileRef = 7E512643D9044DC995FA1D1F /* OpenSans_SemiCondensed-Bold.ttf */; };
		C4DEB9B8717C4F49ACF7979C /* OpenSans_Condensed-Light.ttf in Resources */ = {isa = PBXBuildFile; fileRef = F6CEF93DF15347818BB86256 /* OpenSans_Condensed-Light.ttf */; };
		C6F81BE629744B4EBB887EE6 /* OpenSans_SemiCondensed-Light.ttf in Resources */ = {isa = PBXBuildFile; fileRef = 0A684E1E757740B0BB51860F /* OpenSans_SemiCondensed-Light.ttf */; };
		DB8A6D4D062149E3A850C20D /* OpenSans_Condensed-ExtraBold.ttf in Resources */ = {isa = PBXBuildFile; fileRef = 7AB82E6CCF87407EB3ABA190 /* OpenSans_Condensed-ExtraBold.ttf */; };
		E4DC15E353AB45559764FE03 /* OpenSans-MediumItalic.ttf in Resources */ = {isa = PBXBuildFile; fileRef = 57E96D62C5754A0DA524CBD0 /* OpenSans-MediumItalic.ttf */; };
		E852EFEF7A4A4114BC096AAC /* OpenSans_Condensed-Medium.ttf in Resources */ = {isa = PBXBuildFile; fileRef = E01CA39B82D94EBEBD3D287F /* OpenSans_Condensed-Medium.ttf */; };
		E88708FC21D54A71B28FA63C /* SourceSans3-Light.ttf in Resources */ = {isa = PBXBuildFile; fileRef = FE95B078A8C24B438A9AA2A4 /* SourceSans3-Light.ttf */; };
		EA20A7C235AF47F5B39385F0 /* SourceSans3-Italic.ttf in Resources */ = {isa = PBXBuildFile; fileRef = A6405E63ABEB46819F635AAA /* SourceSans3-Italic.ttf */; };
		EDD75B53D01F40DE892A34EA /* SourceSans3-ExtraLightItalic.ttf in Resources */ = {isa = PBXBuildFile; fileRef = 1C1A8B5C1DDD429196B04DAA /* SourceSans3-ExtraLightItalic.ttf */; };
		F0715F7C6E9542F88D2AE8D3 /* OpenSans-SemiBoldItalic.ttf in Resources */ = {isa = PBXBuildFile; fileRef = 77F08639212045E397918A62 /* OpenSans-SemiBoldItalic.ttf */; };
		F281A776BFD74C4B9622F8AA /* SourceSans3-SemiBold.ttf in Resources */ = {isa = PBXBuildFile; fileRef = 77059242BA2A4C6E804A348B /* SourceSans3-SemiBold.ttf */; };
		F461DE18FC634055B3F04D39 /* index.js in Resources */ = {isa = PBXBuildFile; fileRef = 157454D0C3A143158FF2CAF1 /* index.js */; };
		F4BD48E4D25242329F85FF83 /* SourceSans3-Regular.ttf in Resources */ = {isa = PBXBuildFile; fileRef = E4A9B57F4A4846FF88EF211C /* SourceSans3-Regular.ttf */; };
		F66500791D3846A59CBBA105 /* OpenSans_SemiCondensed-SemiBoldItalic.ttf in Resources */ = {isa = PBXBuildFile; fileRef = E7363905D58046399C59CEA8 /* OpenSans_SemiCondensed-SemiBoldItalic.ttf */; };
/* End PBXBuildFile section */

/* Begin PBXFileReference section */
		0077FDBE67AF4727900763EC /* OpenSans_Condensed-BoldItalic.ttf */ = {isa = PBXFileReference; explicitFileType = undefined; fileEncoding = undefined; includeInIndex = 0; lastKnownFileType = unknown; name = "OpenSans_Condensed-BoldItalic.ttf"; path = "../src/assets/Fonts/OpenSans_Condensed-BoldItalic.ttf"; sourceTree = "<group>"; };
		0A684E1E757740B0BB51860F /* OpenSans_SemiCondensed-Light.ttf */ = {isa = PBXFileReference; explicitFileType = undefined; fileEncoding = undefined; includeInIndex = 0; lastKnownFileType = unknown; name = "OpenSans_SemiCondensed-Light.ttf"; path = "../src/assets/Fonts/OpenSans_SemiCondensed-Light.ttf"; sourceTree = "<group>"; };
		0B5C680FD1AE4790B0AB5D77 /* OpenSans_SemiCondensed-LightItalic.ttf */ = {isa = PBXFileReference; explicitFileType = undefined; fileEncoding = undefined; includeInIndex = 0; lastKnownFileType = unknown; name = "OpenSans_SemiCondensed-LightItalic.ttf"; path = "../src/assets/Fonts/OpenSans_SemiCondensed-LightItalic.ttf"; sourceTree = "<group>"; };
		13B07F961A680F5B00A75B9A /* Tomo.app */ = {isa = PBXFileReference; explicitFileType = wrapper.application; includeInIndex = 0; path = Tomo.app; sourceTree = BUILT_PRODUCTS_DIR; };
		13B07FB51A68108700A75B9A /* Images.xcassets */ = {isa = PBXFileReference; lastKnownFileType = folder.assetcatalog; name = Images.xcassets; path = Tomo/Images.xcassets; sourceTree = "<group>"; };
		13B07FB61A68108700A75B9A /* Info.plist */ = {isa = PBXFileReference; fileEncoding = 4; lastKnownFileType = text.plist.xml; name = Info.plist; path = Tomo/Info.plist; sourceTree = "<group>"; };
		13B07FB81A68108700A75B9A /* PrivacyInfo.xcprivacy */ = {isa = PBXFileReference; fileEncoding = 4; lastKnownFileType = text.plist.xml; name = PrivacyInfo.xcprivacy; path = Tomo/PrivacyInfo.xcprivacy; sourceTree = "<group>"; };
		157454D0C3A143158FF2CAF1 /* index.js */ = {isa = PBXFileReference; explicitFileType = undefined; fileEncoding = undefined; includeInIndex = 0; lastKnownFileType = unknown; name = index.js; path = ../src/assets/Fonts/index.js; sourceTree = "<group>"; };
		17963795BBF34DCA9CDD0E8C /* OpenSans-Bold.ttf */ = {isa = PBXFileReference; explicitFileType = undefined; fileEncoding = undefined; includeInIndex = 0; lastKnownFileType = unknown; name = "OpenSans-Bold.ttf"; path = "../src/assets/Fonts/OpenSans-Bold.ttf"; sourceTree = "<group>"; };
		1BD2894F21324DEEAC76401D /* SourceSans3-ExtraBold.ttf */ = {isa = PBXFileReference; explicitFileType = undefined; fileEncoding = undefined; includeInIndex = 0; lastKnownFileType = unknown; name = "SourceSans3-ExtraBold.ttf"; path = "../src/assets/Fonts/SourceSans3-ExtraBold.ttf"; sourceTree = "<group>"; };
		1C1A8B5C1DDD429196B04DAA /* SourceSans3-ExtraLightItalic.ttf */ = {isa = PBXFileReference; explicitFileType = undefined; fileEncoding = undefined; includeInIndex = 0; lastKnownFileType = unknown; name = "SourceSans3-ExtraLightItalic.ttf"; path = "../src/assets/Fonts/SourceSans3-ExtraLightItalic.ttf"; sourceTree = "<group>"; };
		20306F99B2CC41AE9402D16C /* OpenSans-BoldItalic.ttf */ = {isa = PBXFileReference; explicitFileType = undefined; fileEncoding = undefined; includeInIndex = 0; lastKnownFileType = unknown; name = "OpenSans-BoldItalic.ttf"; path = "../src/assets/Fonts/OpenSans-BoldItalic.ttf"; sourceTree = "<group>"; };
		22012F4D2DB94D4DB30CDBA4 /* OpenSans-Light.ttf */ = {isa = PBXFileReference; explicitFileType = undefined; fileEncoding = undefined; includeInIndex = 0; lastKnownFileType = unknown; name = "OpenSans-Light.ttf"; path = "../src/assets/Fonts/OpenSans-Light.ttf"; sourceTree = "<group>"; };
		3B4392A12AC88292D35C810B /* Pods-Tomo.debug.xcconfig */ = {isa = PBXFileReference; includeInIndex = 1; lastKnownFileType = text.xcconfig; name = "Pods-Tomo.debug.xcconfig"; path = "Target Support Files/Pods-Tomo/Pods-Tomo.debug.xcconfig"; sourceTree = "<group>"; };
		4B1B683BC07842858E51D4E7 /* OpenSans_SemiCondensed-Italic.ttf */ = {isa = PBXFileReference; explicitFileType = undefined; fileEncoding = undefined; includeInIndex = 0; lastKnownFileType = unknown; name = "OpenSans_SemiCondensed-Italic.ttf"; path = "../src/assets/Fonts/OpenSans_SemiCondensed-Italic.ttf"; sourceTree = "<group>"; };
		4D638C93CCD84BC7B36954D3 /* SourceSans3-BoldItalic.ttf */ = {isa = PBXFileReference; explicitFileType = undefined; fileEncoding = undefined; includeInIndex = 0; lastKnownFileType = unknown; name = "SourceSans3-BoldItalic.ttf"; path = "../src/assets/Fonts/SourceSans3-BoldItalic.ttf"; sourceTree = "<group>"; };
		5709B34CF0A7D63546082F79 /* Pods-Tomo.release.xcconfig */ = {isa = PBXFileReference; includeInIndex = 1; lastKnownFileType = text.xcconfig; name = "Pods-Tomo.release.xcconfig"; path = "Target Support Files/Pods-Tomo/Pods-Tomo.release.xcconfig"; sourceTree = "<group>"; };
		57E96D62C5754A0DA524CBD0 /* OpenSans-MediumItalic.ttf */ = {isa = PBXFileReference; explicitFileType = undefined; fileEncoding = undefined; includeInIndex = 0; lastKnownFileType = unknown; name = "OpenSans-MediumItalic.ttf"; path = "../src/assets/Fonts/OpenSans-MediumItalic.ttf"; sourceTree = "<group>"; };
		5866A4B392DC4C6DA4A7B67E /* SourceSans3-Medium.ttf */ = {isa = PBXFileReference; explicitFileType = undefined; fileEncoding = undefined; includeInIndex = 0; lastKnownFileType = unknown; name = "SourceSans3-Medium.ttf"; path = "../src/assets/Fonts/SourceSans3-Medium.ttf"; sourceTree = "<group>"; };
		5DCACB8F33CDC322A6C60F78 /* libPods-Tomo.a */ = {isa = PBXFileReference; explicitFileType = archive.ar; includeInIndex = 0; path = "libPods-Tomo.a"; sourceTree = BUILT_PRODUCTS_DIR; };
		6FD4ACC1A9F44E11A3F921BB /* OpenSans_Condensed-SemiBold.ttf */ = {isa = PBXFileReference; explicitFileType = undefined; fileEncoding = undefined; includeInIndex = 0; lastKnownFileType = unknown; name = "OpenSans_Condensed-SemiBold.ttf"; path = "../src/assets/Fonts/OpenSans_Condensed-SemiBold.ttf"; sourceTree = "<group>"; };
		7169E029C8C54EF691BF49FC /* SourceSans3-ExtraLight.ttf */ = {isa = PBXFileReference; explicitFileType = undefined; fileEncoding = undefined; includeInIndex = 0; lastKnownFileType = unknown; name = "SourceSans3-ExtraLight.ttf"; path = "../src/assets/Fonts/SourceSans3-ExtraLight.ttf"; sourceTree = "<group>"; };
		761780EC2CA45674006654EE /* AppDelegate.swift */ = {isa = PBXFileReference; lastKnownFileType = sourcecode.swift; name = AppDelegate.swift; path = Tomo/AppDelegate.swift; sourceTree = "<group>"; };
		77059242BA2A4C6E804A348B /* SourceSans3-SemiBold.ttf */ = {isa = PBXFileReference; explicitFileType = undefined; fileEncoding = undefined; includeInIndex = 0; lastKnownFileType = unknown; name = "SourceSans3-SemiBold.ttf"; path = "../src/assets/Fonts/SourceSans3-SemiBold.ttf"; sourceTree = "<group>"; };
		77F08639212045E397918A62 /* OpenSans-SemiBoldItalic.ttf */ = {isa = PBXFileReference; explicitFileType = undefined; fileEncoding = undefined; includeInIndex = 0; lastKnownFileType = unknown; name = "OpenSans-SemiBoldItalic.ttf"; path = "../src/assets/Fonts/OpenSans-SemiBoldItalic.ttf"; sourceTree = "<group>"; };
		78C876BBB2894EA8BC2CAB3B /* SourceSans3-LightItalic.ttf */ = {isa = PBXFileReference; explicitFileType = undefined; fileEncoding = undefined; includeInIndex = 0; lastKnownFileType = unknown; name = "SourceSans3-LightItalic.ttf"; path = "../src/assets/Fonts/SourceSans3-LightItalic.ttf"; sourceTree = "<group>"; };
		7AB82E6CCF87407EB3ABA190 /* OpenSans_Condensed-ExtraBold.ttf */ = {isa = PBXFileReference; explicitFileType = undefined; fileEncoding = undefined; includeInIndex = 0; lastKnownFileType = unknown; name = "OpenSans_Condensed-ExtraBold.ttf"; path = "../src/assets/Fonts/OpenSans_Condensed-ExtraBold.ttf"; sourceTree = "<group>"; };
		7E512643D9044DC995FA1D1F /* OpenSans_SemiCondensed-Bold.ttf */ = {isa = PBXFileReference; explicitFileType = undefined; fileEncoding = undefined; includeInIndex = 0; lastKnownFileType = unknown; name = "OpenSans_SemiCondensed-Bold.ttf"; path = "../src/assets/Fonts/OpenSans_SemiCondensed-Bold.ttf"; sourceTree = "<group>"; };
		808163DA62124246BE0C2F6A /* OpenSans_Condensed-LightItalic.ttf */ = {isa = PBXFileReference; explicitFileType = undefined; fileEncoding = undefined; includeInIndex = 0; lastKnownFileType = unknown; name = "OpenSans_Condensed-LightItalic.ttf"; path = "../src/assets/Fonts/OpenSans_Condensed-LightItalic.ttf"; sourceTree = "<group>"; };
		808163E6E9B54216BCDF8BC0 /* OpenSans_Condensed-Regular.ttf */ = {isa = PBXFileReference; explicitFileType = undefined; fileEncoding = undefined; includeInIndex = 0; lastKnownFileType = unknown; name = "OpenSans_Condensed-Regular.ttf"; path = "../src/assets/Fonts/OpenSans_Condensed-Regular.ttf"; sourceTree = "<group>"; };
		81AB9BB72411601600AC10FF /* LaunchScreen.storyboard */ = {isa = PBXFileReference; fileEncoding = 4; lastKnownFileType = file.storyboard; name = LaunchScreen.storyboard; path = Tomo/LaunchScreen.storyboard; sourceTree = "<group>"; };
		82630872E07E451E8A852DCD /* OpenSans_Condensed-Italic.ttf */ = {isa = PBXFileReference; explicitFileType = undefined; fileEncoding = undefined; includeInIndex = 0; lastKnownFileType = unknown; name = "OpenSans_Condensed-Italic.ttf"; path = "../src/assets/Fonts/OpenSans_Condensed-Italic.ttf"; sourceTree = "<group>"; };
		8707EADE5BDD400D921FBE43 /* OpenSans-ExtraBoldItalic.ttf */ = {isa = PBXFileReference; explicitFileType = undefined; fileEncoding = undefined; includeInIndex = 0; lastKnownFileType = unknown; name = "OpenSans-ExtraBoldItalic.ttf"; path = "../src/assets/Fonts/OpenSans-ExtraBoldItalic.ttf"; sourceTree = "<group>"; };
		9924C657D39C439BAE24CBED /* OpenSans_SemiCondensed-BoldItalic.ttf */ = {isa = PBXFileReference; explicitFileType = undefined; fileEncoding = undefined; includeInIndex = 0; lastKnownFileType = unknown; name = "OpenSans_SemiCondensed-BoldItalic.ttf"; path = "../src/assets/Fonts/OpenSans_SemiCondensed-BoldItalic.ttf"; sourceTree = "<group>"; };
		9965B216B8824F17BC97BA44 /* OpenSans-ExtraBold.ttf */ = {isa = PBXFileReference; explicitFileType = undefined; fileEncoding = undefined; includeInIndex = 0; lastKnownFileType = unknown; name = "OpenSans-ExtraBold.ttf"; path = "../src/assets/Fonts/OpenSans-ExtraBold.ttf"; sourceTree = "<group>"; };
		9E1C586F0C8F4962AA5AFD9C /* OpenSans-Italic.ttf */ = {isa = PBXFileReference; explicitFileType = undefined; fileEncoding = undefined; includeInIndex = 0; lastKnownFileType = unknown; name = "OpenSans-Italic.ttf"; path = "../src/assets/Fonts/OpenSans-Italic.ttf"; sourceTree = "<group>"; };
		A0C60AB4F23B4D238B503F80 /* SourceSans3-BlackItalic.ttf */ = {isa = PBXFileReference; explicitFileType = undefined; fileEncoding = undefined; includeInIndex = 0; lastKnownFileType = unknown; name = "SourceSans3-BlackItalic.ttf"; path = "../src/assets/Fonts/SourceSans3-BlackItalic.ttf"; sourceTree = "<group>"; };
		A6405E63ABEB46819F635AAA /* SourceSans3-Italic.ttf */ = {isa = PBXFileReference; explicitFileType = undefined; fileEncoding = undefined; includeInIndex = 0; lastKnownFileType = unknown; name = "SourceSans3-Italic.ttf"; path = "../src/assets/Fonts/SourceSans3-Italic.ttf"; sourceTree = "<group>"; };
		A70DA1AD739944969CBB75FE /* OpenSans_Condensed-SemiBoldItalic.ttf */ = {isa = PBXFileReference; explicitFileType = undefined; fileEncoding = undefined; includeInIndex = 0; lastKnownFileType = unknown; name = "OpenSans_Condensed-SemiBoldItalic.ttf"; path = "../src/assets/Fonts/OpenSans_Condensed-SemiBoldItalic.ttf"; sourceTree = "<group>"; };
		B3F30482A4614A42A5C7EF26 /* SourceSans3-MediumItalic.ttf */ = {isa = PBXFileReference; explicitFileType = undefined; fileEncoding = undefined; includeInIndex = 0; lastKnownFileType = unknown; name = "SourceSans3-MediumItalic.ttf"; path = "../src/assets/Fonts/SourceSans3-MediumItalic.ttf"; sourceTree = "<group>"; };
		B50CE4807DFE44AE871EC50D /* OpenSans-Regular.ttf */ = {isa = PBXFileReference; explicitFileType = undefined; fileEncoding = undefined; includeInIndex = 0; lastKnownFileType = unknown; name = "OpenSans-Regular.ttf"; path = "../src/assets/Fonts/OpenSans-Regular.ttf"; sourceTree = "<group>"; };
		C5328AD90B794662A62FCCFB /* OpenSans_SemiCondensed-SemiBold.ttf */ = {isa = PBXFileReference; explicitFileType = undefined; fileEncoding = undefined; includeInIndex = 0; lastKnownFileType = unknown; name = "OpenSans_SemiCondensed-SemiBold.ttf"; path = "../src/assets/Fonts/OpenSans_SemiCondensed-SemiBold.ttf"; sourceTree = "<group>"; };
		D60B18B639D843668529FF4D /* OpenSans-Medium.ttf */ = {isa = PBXFileReference; explicitFileType = undefined; fileEncoding = undefined; includeInIndex = 0; lastKnownFileType = unknown; name = "OpenSans-Medium.ttf"; path = "../src/assets/Fonts/OpenSans-Medium.ttf"; sourceTree = "<group>"; };
		D9F9EBCEE363460A9028662E /* SourceSans3-Bold.ttf */ = {isa = PBXFileReference; explicitFileType = undefined; fileEncoding = undefined; includeInIndex = 0; lastKnownFileType = unknown; name = "SourceSans3-Bold.ttf"; path = "../src/assets/Fonts/SourceSans3-Bold.ttf"; sourceTree = "<group>"; };
		DD267FCACBA94C648380064B /* OpenSans-LightItalic.ttf */ = {isa = PBXFileReference; explicitFileType = undefined; fileEncoding = undefined; includeInIndex = 0; lastKnownFileType = unknown; name = "OpenSans-LightItalic.ttf"; path = "../src/assets/Fonts/OpenSans-LightItalic.ttf"; sourceTree = "<group>"; };
		DEC98F8D28FB4D4ABFFC6C65 /* OpenSans_Condensed-Bold.ttf */ = {isa = PBXFileReference; explicitFileType = undefined; fileEncoding = undefined; includeInIndex = 0; lastKnownFileType = unknown; name = "OpenSans_Condensed-Bold.ttf"; path = "../src/assets/Fonts/OpenSans_Condensed-Bold.ttf"; sourceTree = "<group>"; };
		E01CA39B82D94EBEBD3D287F /* OpenSans_Condensed-Medium.ttf */ = {isa = PBXFileReference; explicitFileType = undefined; fileEncoding = undefined; includeInIndex = 0; lastKnownFileType = unknown; name = "OpenSans_Condensed-Medium.ttf"; path = "../src/assets/Fonts/OpenSans_Condensed-Medium.ttf"; sourceTree = "<group>"; };
		E2BDC0E5ECB941C1A55DADD9 /* OpenSans_SemiCondensed-Regular.ttf */ = {isa = PBXFileReference; explicitFileType = undefined; fileEncoding = undefined; includeInIndex = 0; lastKnownFileType = unknown; name = "OpenSans_SemiCondensed-Regular.ttf"; path = "../src/assets/Fonts/OpenSans_SemiCondensed-Regular.ttf"; sourceTree = "<group>"; };
		E2D80CB407FE448CB7B34316 /* SourceSans3-Black.ttf */ = {isa = PBXFileReference; explicitFileType = undefined; fileEncoding = undefined; includeInIndex = 0; lastKnownFileType = unknown; name = "SourceSans3-Black.ttf"; path = "../src/assets/Fonts/SourceSans3-Black.ttf"; sourceTree = "<group>"; };
		E4A9B57F4A4846FF88EF211C /* SourceSans3-Regular.ttf */ = {isa = PBXFileReference; explicitFileType = undefined; fileEncoding = undefined; includeInIndex = 0; lastKnownFileType = unknown; name = "SourceSans3-Regular.ttf"; path = "../src/assets/Fonts/SourceSans3-Regular.ttf"; sourceTree = "<group>"; };
		E4BC4FA7F2AE4BD484F9DD00 /* OpenSans_Condensed-ExtraBoldItalic.ttf */ = {isa = PBXFileReference; explicitFileType = undefined; fileEncoding = undefined; includeInIndex = 0; lastKnownFileType = unknown; name = "OpenSans_Condensed-ExtraBoldItalic.ttf"; path = "../src/assets/Fonts/OpenSans_Condensed-ExtraBoldItalic.ttf"; sourceTree = "<group>"; };
		E7363905D58046399C59CEA8 /* OpenSans_SemiCondensed-SemiBoldItalic.ttf */ = {isa = PBXFileReference; explicitFileType = undefined; fileEncoding = undefined; includeInIndex = 0; lastKnownFileType = unknown; name = "OpenSans_SemiCondensed-SemiBoldItalic.ttf"; path = "../src/assets/Fonts/OpenSans_SemiCondensed-SemiBoldItalic.ttf"; sourceTree = "<group>"; };
		E9DFCD2237A04F7ABB50F89F /* OpenSans-SemiBold.ttf */ = {isa = PBXFileReference; explicitFileType = undefined; fileEncoding = undefined; includeInIndex = 0; lastKnownFileType = unknown; name = "OpenSans-SemiBold.ttf"; path = "../src/assets/Fonts/OpenSans-SemiBold.ttf"; sourceTree = "<group>"; };
		EBD1274765A8438AADA8DC68 /* SourceSans3-ExtraBoldItalic.ttf */ = {isa = PBXFileReference; explicitFileType = undefined; fileEncoding = undefined; includeInIndex = 0; lastKnownFileType = unknown; name = "SourceSans3-ExtraBoldItalic.ttf"; path = "../src/assets/Fonts/SourceSans3-ExtraBoldItalic.ttf"; sourceTree = "<group>"; };
		ED297162215061F000B7C4FE /* JavaScriptCore.framework */ = {isa = PBXFileReference; lastKnownFileType = wrapper.framework; name = JavaScriptCore.framework; path = System/Library/Frameworks/JavaScriptCore.framework; sourceTree = SDKROOT; };
		F18E83672B5E4BE4A77E43DB /* OpenSans_SemiCondensed-Medium.ttf */ = {isa = PBXFileReference; explicitFileType = undefined; fileEncoding = undefined; includeInIndex = 0; lastKnownFileType = unknown; name = "OpenSans_SemiCondensed-Medium.ttf"; path = "../src/assets/Fonts/OpenSans_SemiCondensed-Medium.ttf"; sourceTree = "<group>"; };
		F449E57B22BD4C08B8C9BC1C /* OpenSans_SemiCondensed-ExtraBold.ttf */ = {isa = PBXFileReference; explicitFileType = undefined; fileEncoding = undefined; includeInIndex = 0; lastKnownFileType = unknown; name = "OpenSans_SemiCondensed-ExtraBold.ttf"; path = "../src/assets/Fonts/OpenSans_SemiCondensed-ExtraBold.ttf"; sourceTree = "<group>"; };
		F50006A7AA6E474CA6436435 /* SourceSans3-SemiBoldItalic.ttf */ = {isa = PBXFileReference; explicitFileType = undefined; fileEncoding = undefined; includeInIndex = 0; lastKnownFileType = unknown; name = "SourceSans3-SemiBoldItalic.ttf"; path = "../src/assets/Fonts/SourceSans3-SemiBoldItalic.ttf"; sourceTree = "<group>"; };
		F50896B30A324477B79A3E57 /* OpenSans_SemiCondensed-ExtraBoldItalic.ttf */ = {isa = PBXFileReference; explicitFileType = undefined; fileEncoding = undefined; includeInIndex = 0; lastKnownFileType = unknown; name = "OpenSans_SemiCondensed-ExtraBoldItalic.ttf"; path = "../src/assets/Fonts/OpenSans_SemiCondensed-ExtraBoldItalic.ttf"; sourceTree = "<group>"; };
		F60E42D5EF2E4B908A642DB6 /* OpenSans_SemiCondensed-MediumItalic.ttf */ = {isa = PBXFileReference; explicitFileType = undefined; fileEncoding = undefined; includeInIndex = 0; lastKnownFileType = unknown; name = "OpenSans_SemiCondensed-MediumItalic.ttf"; path = "../src/assets/Fonts/OpenSans_SemiCondensed-MediumItalic.ttf"; sourceTree = "<group>"; };
		F6CEF93DF15347818BB86256 /* OpenSans_Condensed-Light.ttf */ = {isa = PBXFileReference; explicitFileType = undefined; fileEncoding = undefined; includeInIndex = 0; lastKnownFileType = unknown; name = "OpenSans_Condensed-Light.ttf"; path = "../src/assets/Fonts/OpenSans_Condensed-Light.ttf"; sourceTree = "<group>"; };
		FD00E26177F1410FB0AA981D /* OpenSans_Condensed-MediumItalic.ttf */ = {isa = PBXFileReference; explicitFileType = undefined; fileEncoding = undefined; includeInIndex = 0; lastKnownFileType = unknown; name = "OpenSans_Condensed-MediumItalic.ttf"; path = "../src/assets/Fonts/OpenSans_Condensed-MediumItalic.ttf"; sourceTree = "<group>"; };
		FE95B078A8C24B438A9AA2A4 /* SourceSans3-Light.ttf */ = {isa = PBXFileReference; explicitFileType = undefined; fileEncoding = undefined; includeInIndex = 0; lastKnownFileType = unknown; name = "SourceSans3-Light.ttf"; path = "../src/assets/Fonts/SourceSans3-Light.ttf"; sourceTree = "<group>"; };
/* End PBXFileReference section */

/* Begin PBXFrameworksBuildPhase section */
		13B07F8C1A680F5B00A75B9A /* Frameworks */ = {
			isa = PBXFrameworksBuildPhase;
			buildActionMask = 2147483647;
			files = (
				0C80B921A6F3F58F76C31292 /* libPods-Tomo.a in Frameworks */,
			);
			runOnlyForDeploymentPostprocessing = 0;
		};
/* End PBXFrameworksBuildPhase section */

/* Begin PBXGroup section */
		13B07FAE1A68108700A75B9A /* Tomo */ = {
			isa = PBXGroup;
			children = (
				13B07FB51A68108700A75B9A /* Images.xcassets */,
				761780EC2CA45674006654EE /* AppDelegate.swift */,
				13B07FB61A68108700A75B9A /* Info.plist */,
				81AB9BB72411601600AC10FF /* LaunchScreen.storyboard */,
				13B07FB81A68108700A75B9A /* PrivacyInfo.xcprivacy */,
			);
			name = Tomo;
			sourceTree = "<group>";
		};
		2D16E6871FA4F8E400B85C8A /* Frameworks */ = {
			isa = PBXGroup;
			children = (
				ED297162215061F000B7C4FE /* JavaScriptCore.framework */,
				5DCACB8F33CDC322A6C60F78 /* libPods-Tomo.a */,
			);
			name = Frameworks;
			sourceTree = "<group>";
		};
		32B0D50EC0754EB8B9D9FB62 /* Resources */ = {
			isa = PBXGroup;
			children = (
				F60E42D5EF2E4B908A642DB6 /* OpenSans_SemiCondensed-MediumItalic.ttf */,
				E2BDC0E5ECB941C1A55DADD9 /* OpenSans_SemiCondensed-Regular.ttf */,
				E9DFCD2237A04F7ABB50F89F /* OpenSans-SemiBold.ttf */,
				7E512643D9044DC995FA1D1F /* OpenSans_SemiCondensed-Bold.ttf */,
				E01CA39B82D94EBEBD3D287F /* OpenSans_Condensed-Medium.ttf */,
				0A684E1E757740B0BB51860F /* OpenSans_SemiCondensed-Light.ttf */,
				7AB82E6CCF87407EB3ABA190 /* OpenSans_Condensed-ExtraBold.ttf */,
				E7363905D58046399C59CEA8 /* OpenSans_SemiCondensed-SemiBoldItalic.ttf */,
				6FD4ACC1A9F44E11A3F921BB /* OpenSans_Condensed-SemiBold.ttf */,
				A0C60AB4F23B4D238B503F80 /* SourceSans3-BlackItalic.ttf */,
				E4A9B57F4A4846FF88EF211C /* SourceSans3-Regular.ttf */,
				C5328AD90B794662A62FCCFB /* OpenSans_SemiCondensed-SemiBold.ttf */,
				F50006A7AA6E474CA6436435 /* SourceSans3-SemiBoldItalic.ttf */,
				808163DA62124246BE0C2F6A /* OpenSans_Condensed-LightItalic.ttf */,
				DEC98F8D28FB4D4ABFFC6C65 /* OpenSans_Condensed-Bold.ttf */,
				1C1A8B5C1DDD429196B04DAA /* SourceSans3-ExtraLightItalic.ttf */,
				E2D80CB407FE448CB7B34316 /* SourceSans3-Black.ttf */,
				D9F9EBCEE363460A9028662E /* SourceSans3-Bold.ttf */,
				78C876BBB2894EA8BC2CAB3B /* SourceSans3-LightItalic.ttf */,
				22012F4D2DB94D4DB30CDBA4 /* OpenSans-Light.ttf */,
				9E1C586F0C8F4962AA5AFD9C /* OpenSans-Italic.ttf */,
				F18E83672B5E4BE4A77E43DB /* OpenSans_SemiCondensed-Medium.ttf */,
				57E96D62C5754A0DA524CBD0 /* OpenSans-MediumItalic.ttf */,
				F6CEF93DF15347818BB86256 /* OpenSans_Condensed-Light.ttf */,
				B3F30482A4614A42A5C7EF26 /* SourceSans3-MediumItalic.ttf */,
				A70DA1AD739944969CBB75FE /* OpenSans_Condensed-SemiBoldItalic.ttf */,
				A6405E63ABEB46819F635AAA /* SourceSans3-Italic.ttf */,
				F449E57B22BD4C08B8C9BC1C /* OpenSans_SemiCondensed-ExtraBold.ttf */,
				0077FDBE67AF4727900763EC /* OpenSans_Condensed-BoldItalic.ttf */,
				4D638C93CCD84BC7B36954D3 /* SourceSans3-BoldItalic.ttf */,
				EBD1274765A8438AADA8DC68 /* SourceSans3-ExtraBoldItalic.ttf */,
				9965B216B8824F17BC97BA44 /* OpenSans-ExtraBold.ttf */,
				7169E029C8C54EF691BF49FC /* SourceSans3-ExtraLight.ttf */,
				DD267FCACBA94C648380064B /* OpenSans-LightItalic.ttf */,
				0B5C680FD1AE4790B0AB5D77 /* OpenSans_SemiCondensed-LightItalic.ttf */,
				FE95B078A8C24B438A9AA2A4 /* SourceSans3-Light.ttf */,
				5866A4B392DC4C6DA4A7B67E /* SourceSans3-Medium.ttf */,
				77059242BA2A4C6E804A348B /* SourceSans3-SemiBold.ttf */,
				17963795BBF34DCA9CDD0E8C /* OpenSans-Bold.ttf */,
				FD00E26177F1410FB0AA981D /* OpenSans_Condensed-MediumItalic.ttf */,
				4B1B683BC07842858E51D4E7 /* OpenSans_SemiCondensed-Italic.ttf */,
				77F08639212045E397918A62 /* OpenSans-SemiBoldItalic.ttf */,
				D60B18B639D843668529FF4D /* OpenSans-Medium.ttf */,
				8707EADE5BDD400D921FBE43 /* OpenSans-ExtraBoldItalic.ttf */,
				1BD2894F21324DEEAC76401D /* SourceSans3-ExtraBold.ttf */,
				B50CE4807DFE44AE871EC50D /* OpenSans-Regular.ttf */,
				9924C657D39C439BAE24CBED /* OpenSans_SemiCondensed-BoldItalic.ttf */,
				20306F99B2CC41AE9402D16C /* OpenSans-BoldItalic.ttf */,
				808163E6E9B54216BCDF8BC0 /* OpenSans_Condensed-Regular.ttf */,
				E4BC4FA7F2AE4BD484F9DD00 /* OpenSans_Condensed-ExtraBoldItalic.ttf */,
				82630872E07E451E8A852DCD /* OpenSans_Condensed-Italic.ttf */,
				F50896B30A324477B79A3E57 /* OpenSans_SemiCondensed-ExtraBoldItalic.ttf */,
				157454D0C3A143158FF2CAF1 /* index.js */,
			);
			name = Resources;
			path = "";
			sourceTree = "<group>";
		};
		832341AE1AAA6A7D00B99B32 /* Libraries */ = {
			isa = PBXGroup;
			children = (
			);
			name = Libraries;
			sourceTree = "<group>";
		};
		83CBB9F61A601CBA00E9B192 = {
			isa = PBXGroup;
			children = (
				13B07FAE1A68108700A75B9A /* Tomo */,
				832341AE1AAA6A7D00B99B32 /* Libraries */,
				83CBBA001A601CBA00E9B192 /* Products */,
				2D16E6871FA4F8E400B85C8A /* Frameworks */,
				BBD78D7AC51CEA395F1C20DB /* Pods */,
				32B0D50EC0754EB8B9D9FB62 /* Resources */,
			);
			indentWidth = 2;
			sourceTree = "<group>";
			tabWidth = 2;
			usesTabs = 0;
		};
		83CBBA001A601CBA00E9B192 /* Products */ = {
			isa = PBXGroup;
			children = (
				13B07F961A680F5B00A75B9A /* Tomo.app */,
			);
			name = Products;
			sourceTree = "<group>";
		};
		BBD78D7AC51CEA395F1C20DB /* Pods */ = {
			isa = PBXGroup;
			children = (
				3B4392A12AC88292D35C810B /* Pods-Tomo.debug.xcconfig */,
				5709B34CF0A7D63546082F79 /* Pods-Tomo.release.xcconfig */,
			);
			path = Pods;
			sourceTree = "<group>";
		};
/* End PBXGroup section */

/* Begin PBXNativeTarget section */
		13B07F861A680F5B00A75B9A /* Tomo */ = {
			isa = PBXNativeTarget;
			buildConfigurationList = 13B07F931A680F5B00A75B9A /* Build configuration list for PBXNativeTarget "Tomo" */;
			buildPhases = (
				C38B50BA6285516D6DCD4F65 /* [CP] Check Pods Manifest.lock */,
				13B07F871A680F5B00A75B9A /* Sources */,
				13B07F8C1A680F5B00A75B9A /* Frameworks */,
				13B07F8E1A680F5B00A75B9A /* Resources */,
				00DD1BFF1BD5951E006B06BC /* Bundle React Native code and images */,
				00EEFC60759A1932668264C0 /* [CP] Embed Pods Frameworks */,
				E235C05ADACE081382539298 /* [CP] Copy Pods Resources */,
				BD2107A67AAD500054A8224B /* [CP-User] [RNFB] Core Configuration */,
			);
			buildRules = (
			);
			dependencies = (
			);
			name = Tomo;
			productName = Tomo;
			productReference = 13B07F961A680F5B00A75B9A /* Tomo.app */;
			productType = "com.apple.product-type.application";
		};
/* End PBXNativeTarget section */

/* Begin PBXProject section */
		83CBB9F71A601CBA00E9B192 /* Project object */ = {
			isa = PBXProject;
			attributes = {
				LastUpgradeCheck = 1210;
				TargetAttributes = {
					13B07F861A680F5B00A75B9A = {
						LastSwiftMigration = 1120;
					};
				};
			};
			buildConfigurationList = 83CBB9FA1A601CBA00E9B192 /* Build configuration list for PBXProject "Tomo" */;
			compatibilityVersion = "Xcode 12.0";
			developmentRegion = en;
			hasScannedForEncodings = 0;
			knownRegions = (
				en,
				Base,
			);
			mainGroup = 83CBB9F61A601CBA00E9B192;
			productRefGroup = 83CBBA001A601CBA00E9B192 /* Products */;
			projectDirPath = "";
			projectRoot = "";
			targets = (
				13B07F861A680F5B00A75B9A /* Tomo */,
			);
		};
/* End PBXProject section */

/* Begin PBXResourcesBuildPhase section */
		13B07F8E1A680F5B00A75B9A /* Resources */ = {
			isa = PBXResourcesBuildPhase;
			buildActionMask = 2147483647;
			files = (
				81AB9BB82411601600AC10FF /* LaunchScreen.storyboard in Resources */,
				13B07FBF1A68108700A75B9A /* Images.xcassets in Resources */,
				38830431E45A85C28E77E08C /* PrivacyInfo.xcprivacy in Resources */,
				A6EA7D6A2C9D48A487607C10 /* OpenSans_SemiCondensed-MediumItalic.ttf in Resources */,
				94290F8515CB4476AF1FB9C0 /* OpenSans_SemiCondensed-Regular.ttf in Resources */,
				48BAFDB0C2944F4FB634A921 /* OpenSans-SemiBold.ttf in Resources */,
				BFA186E8536A42189DC5E0AC /* OpenSans_SemiCondensed-Bold.ttf in Resources */,
				E852EFEF7A4A4114BC096AAC /* OpenSans_Condensed-Medium.ttf in Resources */,
				C6F81BE629744B4EBB887EE6 /* OpenSans_SemiCondensed-Light.ttf in Resources */,
				DB8A6D4D062149E3A850C20D /* OpenSans_Condensed-ExtraBold.ttf in Resources */,
				F66500791D3846A59CBBA105 /* OpenSans_SemiCondensed-SemiBoldItalic.ttf in Resources */,
				7594091239554AB3911B35A7 /* OpenSans_Condensed-SemiBold.ttf in Resources */,
				95CDC8BCD0854095A9ADAFDC /* SourceSans3-BlackItalic.ttf in Resources */,
				F4BD48E4D25242329F85FF83 /* SourceSans3-Regular.ttf in Resources */,
				113F93C430384C3AB07E60D4 /* OpenSans_SemiCondensed-SemiBold.ttf in Resources */,
				014D024556A34C25945B435D /* SourceSans3-SemiBoldItalic.ttf in Resources */,
				6391BFA457404981A4330384 /* OpenSans_Condensed-LightItalic.ttf in Resources */,
				4EC97B3D419E4D3883BF9CEF /* OpenSans_Condensed-Bold.ttf in Resources */,
				EDD75B53D01F40DE892A34EA /* SourceSans3-ExtraLightItalic.ttf in Resources */,
				2DAD5AFFB0F94390A6D084E6 /* SourceSans3-Black.ttf in Resources */,
				21FB5DE440574D9495AF6801 /* SourceSans3-Bold.ttf in Resources */,
				9852BFA993974F4882C020BF /* SourceSans3-LightItalic.ttf in Resources */,
				A32191FDEC2B428B860CD9C2 /* OpenSans-Light.ttf in Resources */,
				A635C77B203E4DA2A25727B1 /* OpenSans-Italic.ttf in Resources */,
				487C040763A84288A49C689E /* OpenSans_SemiCondensed-Medium.ttf in Resources */,
				E4DC15E353AB45559764FE03 /* OpenSans-MediumItalic.ttf in Resources */,
				C4DEB9B8717C4F49ACF7979C /* OpenSans_Condensed-Light.ttf in Resources */,
				95FB550121134FE3A2B59346 /* SourceSans3-MediumItalic.ttf in Resources */,
				3D75103184F744A58A6C9821 /* OpenSans_Condensed-SemiBoldItalic.ttf in Resources */,
				EA20A7C235AF47F5B39385F0 /* SourceSans3-Italic.ttf in Resources */,
				9B908062474643EEAD88AC39 /* OpenSans_SemiCondensed-ExtraBold.ttf in Resources */,
				3AF2602EFE3841B09F5063A0 /* OpenSans_Condensed-BoldItalic.ttf in Resources */,
				2067BE2D347D417AAABE322E /* SourceSans3-BoldItalic.ttf in Resources */,
				41F8C5D1BE884A2A8E87AE81 /* SourceSans3-ExtraBoldItalic.ttf in Resources */,
				914EC1EFB25A496EB95CC086 /* OpenSans-ExtraBold.ttf in Resources */,
				B7525A7C4EC64E468ED60CDD /* SourceSans3-ExtraLight.ttf in Resources */,
				0DCE058A28B64201B74C9D28 /* OpenSans-LightItalic.ttf in Resources */,
				8C7E69ADFD3843CE846966C7 /* OpenSans_SemiCondensed-LightItalic.ttf in Resources */,
				E88708FC21D54A71B28FA63C /* SourceSans3-Light.ttf in Resources */,
				A459971339494488A141E714 /* SourceSans3-Medium.ttf in Resources */,
				F281A776BFD74C4B9622F8AA /* SourceSans3-SemiBold.ttf in Resources */,
				2DD667A4DD6F4569BCBADCD5 /* OpenSans-Bold.ttf in Resources */,
				160ABA58698749AD95443B8E /* OpenSans_Condensed-MediumItalic.ttf in Resources */,
				95509F8934CD44AD846B366C /* OpenSans_SemiCondensed-Italic.ttf in Resources */,
				F0715F7C6E9542F88D2AE8D3 /* OpenSans-SemiBoldItalic.ttf in Resources */,
				B6372F1B2C2B451B9E6160C1 /* OpenSans-Medium.ttf in Resources */,
				9F9FBC9675B841B890C78FC1 /* OpenSans-ExtraBoldItalic.ttf in Resources */,
				003286C1910F48C68118B9C6 /* SourceSans3-ExtraBold.ttf in Resources */,
				9EF9AE59B3904C43A3CBF78A /* OpenSans-Regular.ttf in Resources */,
				3B2EBE9FD3BA4C5F9A156532 /* OpenSans_SemiCondensed-BoldItalic.ttf in Resources */,
				722CBBB5659D4B709E290FC0 /* OpenSans-BoldItalic.ttf in Resources */,
				1B1D5E144783402B81C73A66 /* OpenSans_Condensed-Regular.ttf in Resources */,
				4BCB7D109D6448DF9464A8C7 /* OpenSans_Condensed-ExtraBoldItalic.ttf in Resources */,
				16E1660CF09F44F58FD1BC0F /* OpenSans_Condensed-Italic.ttf in Resources */,
				787CAC836A77451680F8D9DE /* OpenSans_SemiCondensed-ExtraBoldItalic.ttf in Resources */,
				F461DE18FC634055B3F04D39 /* index.js in Resources */,
			);
			runOnlyForDeploymentPostprocessing = 0;
		};
/* End PBXResourcesBuildPhase section */

/* Begin PBXShellScriptBuildPhase section */
		00DD1BFF1BD5951E006B06BC /* Bundle React Native code and images */ = {
			isa = PBXShellScriptBuildPhase;
			buildActionMask = 2147483647;
			files = (
			);
			inputPaths = (
				"$(SRCROOT)/.xcode.env.local",
				"$(SRCROOT)/.xcode.env",
			);
			name = "Bundle React Native code and images";
			outputPaths = (
			);
			runOnlyForDeploymentPostprocessing = 0;
			shellPath = /bin/sh;
			shellScript = "set -e\n\nWITH_ENVIRONMENT=\"$REACT_NATIVE_PATH/scripts/xcode/with-environment.sh\"\nREACT_NATIVE_XCODE=\"$REACT_NATIVE_PATH/scripts/react-native-xcode.sh\"\n\n/bin/sh -c \"\\\"$WITH_ENVIRONMENT\\\" \\\"$REACT_NATIVE_XCODE\\\"\"\n";
		};
		00EEFC60759A1932668264C0 /* [CP] Embed Pods Frameworks */ = {
			isa = PBXShellScriptBuildPhase;
			buildActionMask = 2147483647;
			files = (
			);
			inputFileListPaths = (
				"${PODS_ROOT}/Target Support Files/Pods-Tomo/Pods-Tomo-frameworks-${CONFIGURATION}-input-files.xcfilelist",
			);
			name = "[CP] Embed Pods Frameworks";
			outputFileListPaths = (
				"${PODS_ROOT}/Target Support Files/Pods-Tomo/Pods-Tomo-frameworks-${CONFIGURATION}-output-files.xcfilelist",
			);
			runOnlyForDeploymentPostprocessing = 0;
			shellPath = /bin/sh;
			shellScript = "\"${PODS_ROOT}/Target Support Files/Pods-Tomo/Pods-Tomo-frameworks.sh\"\n";
			showEnvVarsInLog = 0;
		};
		BD2107A67AAD500054A8224B /* [CP-User] [RNFB] Core Configuration */ = {
			isa = PBXShellScriptBuildPhase;
			buildActionMask = 2147483647;
			files = (
			);
			inputPaths = (
				"$(BUILT_PRODUCTS_DIR)/$(INFOPLIST_PATH)",
			);
			name = "[CP-User] [RNFB] Core Configuration";
			runOnlyForDeploymentPostprocessing = 0;
			shellPath = /bin/sh;
			shellScript = "#!/usr/bin/env bash\n#\n# Copyright (c) 2016-present Invertase Limited & Contributors\n#\n# Licensed under the Apache License, Version 2.0 (the \"License\");\n# you may not use this library except in compliance with the License.\n# You may obtain a copy of the License at\n#\n#   http://www.apache.org/licenses/LICENSE-2.0\n#\n# Unless required by applicable law or agreed to in writing, software\n# distributed under the License is distributed on an \"AS IS\" BASIS,\n# WITHOUT WARRANTIES OR CONDITIONS OF ANY KIND, either express or implied.\n# See the License for the specific language governing permissions and\n# limitations under the License.\n#\n\n##########################################################################\n##########################################################################\n#\n#  NOTE THAT IF YOU CHANGE THIS FILE YOU MUST RUN pod install AFTERWARDS\n#\n#  This file is installed as an Xcode build script in the project file\n#  by cocoapods, and you will not see your changes until you pod install\n#\n##########################################################################\n##########################################################################\n\nset -e\n\n_MAX_LOOKUPS=2;\n_SEARCH_RESULT=''\n_RN_ROOT_EXISTS=''\n_CURRENT_LOOKUPS=1\n_JSON_ROOT=\"'react-native'\"\n_JSON_FILE_NAME='firebase.json'\n_JSON_OUTPUT_BASE64='e30=' # { }\n_CURRENT_SEARCH_DIR=${PROJECT_DIR}\n_PLIST_BUDDY=/usr/libexec/PlistBuddy\n_TARGET_PLIST=\"${BUILT_PRODUCTS_DIR}/${INFOPLIST_PATH}\"\n_DSYM_PLIST=\"${DWARF_DSYM_FOLDER_PATH}/${DWARF_DSYM_FILE_NAME}/Contents/Info.plist\"\n\n# plist arrays\n_PLIST_ENTRY_KEYS=()\n_PLIST_ENTRY_TYPES=()\n_PLIST_ENTRY_VALUES=()\n\nfunction setPlistValue {\n  echo \"note:      setting plist entry '$1' of type '$2' in file '$4'\"\n  ${_PLIST_BUDDY} -c \"Add :$1 $2 '$3'\" $4 || echo \"note:      '$1' already exists\"\n}\n\nfunction getFirebaseJsonKeyValue () {\n  if [[ ${_RN_ROOT_EXISTS} ]]; then\n    ruby -Ku -e \"require 'rubygems';require 'json'; output=JSON.parse('$1'); puts output[$_JSON_ROOT]['$2']\"\n  else\n    echo \"\"\n  fi;\n}\n\nfunction jsonBoolToYesNo () {\n  if [[ $1 == \"false\" ]]; then\n    echo \"NO\"\n  elif [[ $1 == \"true\" ]]; then\n    echo \"YES\"\n  else echo \"NO\"\n  fi\n}\n\necho \"note: -> RNFB build script started\"\necho \"note: 1) Locating ${_JSON_FILE_NAME} file:\"\n\nif [[ -z ${_CURRENT_SEARCH_DIR} ]]; then\n  _CURRENT_SEARCH_DIR=$(pwd)\nfi;\n\nwhile true; do\n  _CURRENT_SEARCH_DIR=$(dirname \"$_CURRENT_SEARCH_DIR\")\n  if [[ \"$_CURRENT_SEARCH_DIR\" == \"/\" ]] || [[ ${_CURRENT_LOOKUPS} -gt ${_MAX_LOOKUPS} ]]; then break; fi;\n  echo \"note:      ($_CURRENT_LOOKUPS of $_MAX_LOOKUPS) Searching in '$_CURRENT_SEARCH_DIR' for a ${_JSON_FILE_NAME} file.\"\n  _SEARCH_RESULT=$(find \"$_CURRENT_SEARCH_DIR\" -maxdepth 2 -name ${_JSON_FILE_NAME} -print | /usr/bin/head -n 1)\n  if [[ ${_SEARCH_RESULT} ]]; then\n    echo \"note:      ${_JSON_FILE_NAME} found at $_SEARCH_RESULT\"\n    break;\n  fi;\n  _CURRENT_LOOKUPS=$((_CURRENT_LOOKUPS+1))\ndone\n\nif [[ ${_SEARCH_RESULT} ]]; then\n  _JSON_OUTPUT_RAW=$(cat \"${_SEARCH_RESULT}\")\n  if ! _RN_ROOT_EXISTS=$(ruby -Ku -e \"require 'json'; output=JSON.parse('$_JSON_OUTPUT_RAW'); puts output[$_JSON_ROOT]\"); then\n    echo \"error: Failed to parse firebase.json, check for syntax errors.\"\n    exit 1\n  fi\n\n  if [[ ${_RN_ROOT_EXISTS} ]]; then\n    if ! python3 --version >/dev/null 2>&1; then echo \"error: python3 not found, firebase.json file processing error.\" && exit 1; fi\n    _JSON_OUTPUT_BASE64=$(python3 -c 'import json,sys,base64;print(base64.b64encode(bytes(json.dumps(json.loads(open('\"'${_SEARCH_RESULT}'\"', '\"'rb'\"').read())['${_JSON_ROOT}']), '\"'utf-8'\"')).decode())' || echo \"e30=\")\n  fi\n\n  _PLIST_ENTRY_KEYS+=(\"firebase_json_raw\")\n  _PLIST_ENTRY_TYPES+=(\"string\")\n  _PLIST_ENTRY_VALUES+=(\"$_JSON_OUTPUT_BASE64\")\n\n  # config.app_data_collection_default_enabled\n  _APP_DATA_COLLECTION_ENABLED=$(getFirebaseJsonKeyValue \"$_JSON_OUTPUT_RAW\" \"app_data_collection_default_enabled\")\n  if [[ $_APP_DATA_COLLECTION_ENABLED ]]; then\n    _PLIST_ENTRY_KEYS+=(\"FirebaseDataCollectionDefaultEnabled\")\n    _PLIST_ENTRY_TYPES+=(\"bool\")\n    _PLIST_ENTRY_VALUES+=(\"$(jsonBoolToYesNo \"$_APP_DATA_COLLECTION_ENABLED\")\")\n  fi\n\n  # config.analytics_auto_collection_enabled\n  _ANALYTICS_AUTO_COLLECTION=$(getFirebaseJsonKeyValue \"$_JSON_OUTPUT_RAW\" \"analytics_auto_collection_enabled\")\n  if [[ $_ANALYTICS_AUTO_COLLECTION ]]; then\n    _PLIST_ENTRY_KEYS+=(\"FIREBASE_ANALYTICS_COLLECTION_ENABLED\")\n    _PLIST_ENTRY_TYPES+=(\"bool\")\n    _PLIST_ENTRY_VALUES+=(\"$(jsonBoolToYesNo \"$_ANALYTICS_AUTO_COLLECTION\")\")\n  fi\n\n  # config.analytics_collection_deactivated\n  _ANALYTICS_DEACTIVATED=$(getFirebaseJsonKeyValue \"$_JSON_OUTPUT_RAW\" \"analytics_collection_deactivated\")\n  if [[ $_ANALYTICS_DEACTIVATED ]]; then\n    _PLIST_ENTRY_KEYS+=(\"FIREBASE_ANALYTICS_COLLECTION_DEACTIVATED\")\n    _PLIST_ENTRY_TYPES+=(\"bool\")\n    _PLIST_ENTRY_VALUES+=(\"$(jsonBoolToYesNo \"$_ANALYTICS_DEACTIVATED\")\")\n  fi\n\n  # config.analytics_idfv_collection_enabled\n  _ANALYTICS_IDFV_COLLECTION=$(getFirebaseJsonKeyValue \"$_JSON_OUTPUT_RAW\" \"analytics_idfv_collection_enabled\")\n  if [[ $_ANALYTICS_IDFV_COLLECTION ]]; then\n    _PLIST_ENTRY_KEYS+=(\"GOOGLE_ANALYTICS_IDFV_COLLECTION_ENABLED\")\n    _PLIST_ENTRY_TYPES+=(\"bool\")\n    _PLIST_ENTRY_VALUES+=(\"$(jsonBoolToYesNo \"$_ANALYTICS_IDFV_COLLECTION\")\")\n  fi\n\n  # config.analytics_default_allow_analytics_storage\n  _ANALYTICS_STORAGE=$(getFirebaseJsonKeyValue \"$_JSON_OUTPUT_RAW\" \"analytics_default_allow_analytics_storage\")\n  if [[ $_ANALYTICS_STORAGE ]]; then\n    _PLIST_ENTRY_KEYS+=(\"GOOGLE_ANALYTICS_DEFAULT_ALLOW_ANALYTICS_STORAGE\")\n    _PLIST_ENTRY_TYPES+=(\"bool\")\n    _PLIST_ENTRY_VALUES+=(\"$(jsonBoolToYesNo \"$_ANALYTICS_STORAGE\")\")\n  fi\n\n  # config.analytics_default_allow_ad_storage\n  _ANALYTICS_AD_STORAGE=$(getFirebaseJsonKeyValue \"$_JSON_OUTPUT_RAW\" \"analytics_default_allow_ad_storage\")\n  if [[ $_ANALYTICS_AD_STORAGE ]]; then\n    _PLIST_ENTRY_KEYS+=(\"GOOGLE_ANALYTICS_DEFAULT_ALLOW_AD_STORAGE\")\n    _PLIST_ENTRY_TYPES+=(\"bool\")\n    _PLIST_ENTRY_VALUES+=(\"$(jsonBoolToYesNo \"$_ANALYTICS_AD_STORAGE\")\")\n  fi\n\n  # config.analytics_default_allow_ad_user_data\n  _ANALYTICS_AD_USER_DATA=$(getFirebaseJsonKeyValue \"$_JSON_OUTPUT_RAW\" \"analytics_default_allow_ad_user_data\")\n  if [[ $_ANALYTICS_AD_USER_DATA ]]; then\n    _PLIST_ENTRY_KEYS+=(\"GOOGLE_ANALYTICS_DEFAULT_ALLOW_AD_USER_DATA\")\n    _PLIST_ENTRY_TYPES+=(\"bool\")\n    _PLIST_ENTRY_VALUES+=(\"$(jsonBoolToYesNo \"$_ANALYTICS_AD_USER_DATA\")\")\n  fi\n\n  # config.analytics_default_allow_ad_personalization_signals\n  _ANALYTICS_PERSONALIZATION=$(getFirebaseJsonKeyValue \"$_JSON_OUTPUT_RAW\" \"analytics_default_allow_ad_personalization_signals\")\n  if [[ $_ANALYTICS_PERSONALIZATION ]]; then\n    _PLIST_ENTRY_KEYS+=(\"GOOGLE_ANALYTICS_DEFAULT_ALLOW_AD_PERSONALIZATION_SIGNALS\")\n    _PLIST_ENTRY_TYPES+=(\"bool\")\n    _PLIST_ENTRY_VALUES+=(\"$(jsonBoolToYesNo \"$_ANALYTICS_PERSONALIZATION\")\")\n  fi\n\n  # config.analytics_registration_with_ad_network_enabled\n  _ANALYTICS_REGISTRATION_WITH_AD_NETWORK=$(getFirebaseJsonKeyValue \"$_JSON_OUTPUT_RAW\" \"google_analytics_registration_with_ad_network_enabled\")\n  if [[ $_ANALYTICS_REGISTRATION_WITH_AD_NETWORK ]]; then\n    _PLIST_ENTRY_KEYS+=(\"GOOGLE_ANALYTICS_REGISTRATION_WITH_AD_NETWORK_ENABLED\")\n    _PLIST_ENTRY_TYPES+=(\"bool\")\n    _PLIST_ENTRY_VALUES+=(\"$(jsonBoolToYesNo \"$_ANALYTICS_REGISTRATION_WITH_AD_NETWORK\")\")\n  fi\n\n  # config.google_analytics_automatic_screen_reporting_enabled\n  _ANALYTICS_AUTO_SCREEN_REPORTING=$(getFirebaseJsonKeyValue \"$_JSON_OUTPUT_RAW\" \"google_analytics_automatic_screen_reporting_enabled\")\n  if [[ $_ANALYTICS_AUTO_SCREEN_REPORTING ]]; then\n    _PLIST_ENTRY_KEYS+=(\"FirebaseAutomaticScreenReportingEnabled\")\n    _PLIST_ENTRY_TYPES+=(\"bool\")\n    _PLIST_ENTRY_VALUES+=(\"$(jsonBoolToYesNo \"$_ANALYTICS_AUTO_SCREEN_REPORTING\")\")\n  fi\n\n  # config.perf_auto_collection_enabled\n  _PERF_AUTO_COLLECTION=$(getFirebaseJsonKeyValue \"$_JSON_OUTPUT_RAW\" \"perf_auto_collection_enabled\")\n  if [[ $_PERF_AUTO_COLLECTION ]]; then\n    _PLIST_ENTRY_KEYS+=(\"firebase_performance_collection_enabled\")\n    _PLIST_ENTRY_TYPES+=(\"bool\")\n    _PLIST_ENTRY_VALUES+=(\"$(jsonBoolToYesNo \"$_PERF_AUTO_COLLECTION\")\")\n  fi\n\n  # config.perf_collection_deactivated\n  _PERF_DEACTIVATED=$(getFirebaseJsonKeyValue \"$_JSON_OUTPUT_RAW\" \"perf_collection_deactivated\")\n  if [[ $_PERF_DEACTIVATED ]]; then\n    _PLIST_ENTRY_KEYS+=(\"firebase_performance_collection_deactivated\")\n    _PLIST_ENTRY_TYPES+=(\"bool\")\n    _PLIST_ENTRY_VALUES+=(\"$(jsonBoolToYesNo \"$_PERF_DEACTIVATED\")\")\n  fi\n\n  # config.messaging_auto_init_enabled\n  _MESSAGING_AUTO_INIT=$(getFirebaseJsonKeyValue \"$_JSON_OUTPUT_RAW\" \"messaging_auto_init_enabled\")\n  if [[ $_MESSAGING_AUTO_INIT ]]; then\n    _PLIST_ENTRY_KEYS+=(\"FirebaseMessagingAutoInitEnabled\")\n    _PLIST_ENTRY_TYPES+=(\"bool\")\n    _PLIST_ENTRY_VALUES+=(\"$(jsonBoolToYesNo \"$_MESSAGING_AUTO_INIT\")\")\n  fi\n\n  # config.in_app_messaging_auto_colllection_enabled\n  _FIAM_AUTO_INIT=$(getFirebaseJsonKeyValue \"$_JSON_OUTPUT_RAW\" \"in_app_messaging_auto_collection_enabled\")\n  if [[ $_FIAM_AUTO_INIT ]]; then\n    _PLIST_ENTRY_KEYS+=(\"FirebaseInAppMessagingAutomaticDataCollectionEnabled\")\n    _PLIST_ENTRY_TYPES+=(\"bool\")\n    _PLIST_ENTRY_VALUES+=(\"$(jsonBoolToYesNo \"$_FIAM_AUTO_INIT\")\")\n  fi\n\n  # config.app_check_token_auto_refresh\n  _APP_CHECK_TOKEN_AUTO_REFRESH=$(getFirebaseJsonKeyValue \"$_JSON_OUTPUT_RAW\" \"app_check_token_auto_refresh\")\n  if [[ $_APP_CHECK_TOKEN_AUTO_REFRESH ]]; then\n    _PLIST_ENTRY_KEYS+=(\"FirebaseAppCheckTokenAutoRefreshEnabled\")\n    _PLIST_ENTRY_TYPES+=(\"bool\")\n    _PLIST_ENTRY_VALUES+=(\"$(jsonBoolToYesNo \"$_APP_CHECK_TOKEN_AUTO_REFRESH\")\")\n  fi\n\n  # config.crashlytics_disable_auto_disabler - undocumented for now - mainly for debugging, document if becomes useful\n  _CRASHLYTICS_AUTO_DISABLE_ENABLED=$(getFirebaseJsonKeyValue \"$_JSON_OUTPUT_RAW\" \"crashlytics_disable_auto_disabler\")\n  if [[ $_CRASHLYTICS_AUTO_DISABLE_ENABLED == \"true\" ]]; then\n    echo \"Disabled Crashlytics auto disabler.\" # do nothing\n  else\n    _PLIST_ENTRY_KEYS+=(\"FirebaseCrashlyticsCollectionEnabled\")\n    _PLIST_ENTRY_TYPES+=(\"bool\")\n    _PLIST_ENTRY_VALUES+=(\"NO\")\n  fi\nelse\n  _PLIST_ENTRY_KEYS+=(\"firebase_json_raw\")\n  _PLIST_ENTRY_TYPES+=(\"string\")\n  _PLIST_ENTRY_VALUES+=(\"$_JSON_OUTPUT_BASE64\")\n  echo \"warning:   A firebase.json file was not found, whilst this file is optional it is recommended to include it to configure firebase services in React Native Firebase.\"\nfi;\n\necho \"note: 2) Injecting Info.plist entries: \"\n\n# Log out the keys we're adding\nfor i in \"${!_PLIST_ENTRY_KEYS[@]}\"; do\n  echo \"    ->  $i) ${_PLIST_ENTRY_KEYS[$i]}\" \"${_PLIST_ENTRY_TYPES[$i]}\" \"${_PLIST_ENTRY_VALUES[$i]}\"\ndone\n\nfor plist in \"${_TARGET_PLIST}\" \"${_DSYM_PLIST}\" ; do\n  if [[ -f \"${plist}\" ]]; then\n\n    # paths with spaces break the call to setPlistValue. temporarily modify\n    # the shell internal field separator variable (IFS), which normally\n    # includes spaces, to consist only of line breaks\n    oldifs=$IFS\n    IFS=\"\n\"\n\n    for i in \"${!_PLIST_ENTRY_KEYS[@]}\"; do\n      setPlistValue \"${_PLIST_ENTRY_KEYS[$i]}\" \"${_PLIST_ENTRY_TYPES[$i]}\" \"${_PLIST_ENTRY_VALUES[$i]}\" \"${plist}\"\n    done\n\n    # restore the original internal field separator value\n    IFS=$oldifs\n  else\n    echo \"warning:   A Info.plist build output file was not found (${plist})\"\n  fi\ndone\n\necho \"note: <- RNFB build script finished\"\n";
		};
		C38B50BA6285516D6DCD4F65 /* [CP] Check Pods Manifest.lock */ = {
			isa = PBXShellScriptBuildPhase;
			buildActionMask = 2147483647;
			files = (
			);
			inputFileListPaths = (
			);
			inputPaths = (
				"${PODS_PODFILE_DIR_PATH}/Podfile.lock",
				"${PODS_ROOT}/Manifest.lock",
			);
			name = "[CP] Check Pods Manifest.lock";
			outputFileListPaths = (
			);
			outputPaths = (
				"$(DERIVED_FILE_DIR)/Pods-Tomo-checkManifestLockResult.txt",
			);
			runOnlyForDeploymentPostprocessing = 0;
			shellPath = /bin/sh;
			shellScript = "diff \"${PODS_PODFILE_DIR_PATH}/Podfile.lock\" \"${PODS_ROOT}/Manifest.lock\" > /dev/null\nif [ $? != 0 ] ; then\n    # print error to STDERR\n    echo \"error: The sandbox is not in sync with the Podfile.lock. Run 'pod install' or update your CocoaPods installation.\" >&2\n    exit 1\nfi\n# This output is used by Xcode 'outputs' to avoid re-running this script phase.\necho \"SUCCESS\" > \"${SCRIPT_OUTPUT_FILE_0}\"\n";
			showEnvVarsInLog = 0;
		};
		E235C05ADACE081382539298 /* [CP] Copy Pods Resources */ = {
			isa = PBXShellScriptBuildPhase;
			buildActionMask = 2147483647;
			files = (
			);
			inputFileListPaths = (
				"${PODS_ROOT}/Target Support Files/Pods-Tomo/Pods-Tomo-resources-${CONFIGURATION}-input-files.xcfilelist",
			);
			name = "[CP] Copy Pods Resources";
			outputFileListPaths = (
				"${PODS_ROOT}/Target Support Files/Pods-Tomo/Pods-Tomo-resources-${CONFIGURATION}-output-files.xcfilelist",
			);
			runOnlyForDeploymentPostprocessing = 0;
			shellPath = /bin/sh;
			shellScript = "\"${PODS_ROOT}/Target Support Files/Pods-Tomo/Pods-Tomo-resources.sh\"\n";
			showEnvVarsInLog = 0;
		};
/* End PBXShellScriptBuildPhase section */

/* Begin PBXSourcesBuildPhase section */
		13B07F871A680F5B00A75B9A /* Sources */ = {
			isa = PBXSourcesBuildPhase;
			buildActionMask = 2147483647;
			files = (
				761780ED2CA45674006654EE /* AppDelegate.swift in Sources */,
			);
			runOnlyForDeploymentPostprocessing = 0;
		};
/* End PBXSourcesBuildPhase section */

/* Begin XCBuildConfiguration section */
		13B07F941A680F5B00A75B9A /* Debug */ = {
			isa = XCBuildConfiguration;
			baseConfigurationReference = 3B4392A12AC88292D35C810B /* Pods-Tomo.debug.xcconfig */;
			buildSettings = {
				ASSETCATALOG_COMPILER_APPICON_NAME = AppIcon;
				CLANG_ENABLE_MODULES = YES;
				CURRENT_PROJECT_VERSION = 1;
				ENABLE_BITCODE = NO;
				INFOPLIST_FILE = Tomo/Info.plist;
				IPHONEOS_DEPLOYMENT_TARGET = 15.1;
				LD_RUNPATH_SEARCH_PATHS = (
					"$(inherited)",
					"@executable_path/Frameworks",
				);
				MARKETING_VERSION = 1.0;
				OTHER_LDFLAGS = (
					"$(inherited)",
					"-ObjC",
					"-lc++",
				);
				PRODUCT_BUNDLE_IDENTIFIER = "org.reactjs.native.example.$(PRODUCT_NAME:rfc1034identifier)";
				PRODUCT_NAME = Tomo;
				SUPPORTED_PLATFORMS = "iphoneos iphonesimulator";
				SWIFT_OPTIMIZATION_LEVEL = "-Onone";
				SWIFT_VERSION = 5.0;
				TARGETED_DEVICE_FAMILY = "1,2";
				VERSIONING_SYSTEM = "apple-generic";
			};
			name = Debug;
		};
		13B07F951A680F5B00A75B9A /* Release */ = {
			isa = XCBuildConfiguration;
			baseConfigurationReference = 5709B34CF0A7D63546082F79 /* Pods-Tomo.release.xcconfig */;
			buildSettings = {
				ASSETCATALOG_COMPILER_APPICON_NAME = AppIcon;
				CLANG_ENABLE_MODULES = YES;
				CURRENT_PROJECT_VERSION = 1;
				INFOPLIST_FILE = Tomo/Info.plist;
				IPHONEOS_DEPLOYMENT_TARGET = 15.1;
				LD_RUNPATH_SEARCH_PATHS = (
					"$(inherited)",
					"@executable_path/Frameworks",
				);
				MARKETING_VERSION = 1.0;
				OTHER_LDFLAGS = (
					"$(inherited)",
					"-ObjC",
					"-lc++",
				);
				PRODUCT_BUNDLE_IDENTIFIER = "org.reactjs.native.example.$(PRODUCT_NAME:rfc1034identifier)";
				PRODUCT_NAME = Tomo;
				SUPPORTED_PLATFORMS = "iphoneos iphonesimulator";
				SWIFT_VERSION = 5.0;
				TARGETED_DEVICE_FAMILY = "1,2";
				VERSIONING_SYSTEM = "apple-generic";
			};
			name = Release;
		};
		83CBBA201A601CBA00E9B192 /* Debug */ = {
			isa = XCBuildConfiguration;
			buildSettings = {
				ALWAYS_SEARCH_USER_PATHS = NO;
				CLANG_ANALYZER_LOCALIZABILITY_NONLOCALIZED = YES;
				CLANG_CXX_LANGUAGE_STANDARD = "c++20";
				CLANG_CXX_LIBRARY = "libc++";
				CLANG_ENABLE_MODULES = YES;
				CLANG_ENABLE_OBJC_ARC = YES;
				CLANG_WARN_BLOCK_CAPTURE_AUTORELEASING = YES;
				CLANG_WARN_BOOL_CONVERSION = YES;
				CLANG_WARN_COMMA = YES;
				CLANG_WARN_CONSTANT_CONVERSION = YES;
				CLANG_WARN_DEPRECATED_OBJC_IMPLEMENTATIONS = YES;
				CLANG_WARN_DIRECT_OBJC_ISA_USAGE = YES_ERROR;
				CLANG_WARN_EMPTY_BODY = YES;
				CLANG_WARN_ENUM_CONVERSION = YES;
				CLANG_WARN_INFINITE_RECURSION = YES;
				CLANG_WARN_INT_CONVERSION = YES;
				CLANG_WARN_NON_LITERAL_NULL_CONVERSION = YES;
				CLANG_WARN_OBJC_IMPLICIT_RETAIN_SELF = YES;
				CLANG_WARN_OBJC_LITERAL_CONVERSION = YES;
				CLANG_WARN_OBJC_ROOT_CLASS = YES_ERROR;
				CLANG_WARN_QUOTED_INCLUDE_IN_FRAMEWORK_HEADER = YES;
				CLANG_WARN_RANGE_LOOP_ANALYSIS = YES;
				CLANG_WARN_STRICT_PROTOTYPES = YES;
				CLANG_WARN_SUSPICIOUS_MOVE = YES;
				CLANG_WARN_UNREACHABLE_CODE = YES;
				CLANG_WARN__DUPLICATE_METHOD_MATCH = YES;
				"CODE_SIGN_IDENTITY[sdk=iphoneos*]" = "iPhone Developer";
				COPY_PHASE_STRIP = NO;
				ENABLE_STRICT_OBJC_MSGSEND = YES;
				ENABLE_TESTABILITY = YES;
				"EXCLUDED_ARCHS[sdk=iphonesimulator*]" = "";
				GCC_C_LANGUAGE_STANDARD = gnu99;
				GCC_DYNAMIC_NO_PIC = NO;
				GCC_NO_COMMON_BLOCKS = YES;
				GCC_OPTIMIZATION_LEVEL = 0;
				GCC_PREPROCESSOR_DEFINITIONS = (
					"DEBUG=1",
					"$(inherited)",
				);
				GCC_SYMBOLS_PRIVATE_EXTERN = NO;
				GCC_WARN_64_TO_32_BIT_CONVERSION = YES;
				GCC_WARN_ABOUT_RETURN_TYPE = YES_ERROR;
				GCC_WARN_UNDECLARED_SELECTOR = YES;
				GCC_WARN_UNINITIALIZED_AUTOS = YES_AGGRESSIVE;
				GCC_WARN_UNUSED_FUNCTION = YES;
				GCC_WARN_UNUSED_VARIABLE = YES;
				IPHONEOS_DEPLOYMENT_TARGET = 15.1;
				LD_RUNPATH_SEARCH_PATHS = (
					/usr/lib/swift,
					"$(inherited)",
				);
				LIBRARY_SEARCH_PATHS = (
					"\"$(SDKROOT)/usr/lib/swift\"",
					"\"$(TOOLCHAIN_DIR)/usr/lib/swift/$(PLATFORM_NAME)\"",
					"\"$(inherited)\"",
				);
				MTL_ENABLE_DEBUG_INFO = YES;
				ONLY_ACTIVE_ARCH = YES;
				OTHER_CFLAGS = (
					"$(inherited)",
					"-DRCT_REMOVE_LEGACY_ARCH=1",
				);
				OTHER_CPLUSPLUSFLAGS = (
					"$(OTHER_CFLAGS)",
					"-DFOLLY_NO_CONFIG",
					"-DFOLLY_MOBILE=1",
					"-DFOLLY_USE_LIBCPP=1",
					"-DFOLLY_CFG_NO_COROUTINES=1",
					"-DFOLLY_HAVE_CLOCK_GETTIME=1",
					"-DRCT_REMOVE_LEGACY_ARCH=1",
				);
				REACT_NATIVE_PATH = "${PODS_ROOT}/../../node_modules/react-native";
				SDKROOT = iphoneos;
				SWIFT_ACTIVE_COMPILATION_CONDITIONS = "$(inherited) DEBUG";
				SWIFT_ENABLE_EXPLICIT_MODULES = NO;
				USE_HERMES = true;
			};
			name = Debug;
		};
		83CBBA211A601CBA00E9B192 /* Release */ = {
			isa = XCBuildConfiguration;
			buildSettings = {
				ALWAYS_SEARCH_USER_PATHS = NO;
				CLANG_ANALYZER_LOCALIZABILITY_NONLOCALIZED = YES;
				CLANG_CXX_LANGUAGE_STANDARD = "c++20";
				CLANG_CXX_LIBRARY = "libc++";
				CLANG_ENABLE_MODULES = YES;
				CLANG_ENABLE_OBJC_ARC = YES;
				CLANG_WARN_BLOCK_CAPTURE_AUTORELEASING = YES;
				CLANG_WARN_BOOL_CONVERSION = YES;
				CLANG_WARN_COMMA = YES;
				CLANG_WARN_CONSTANT_CONVERSION = YES;
				CLANG_WARN_DEPRECATED_OBJC_IMPLEMENTATIONS = YES;
				CLANG_WARN_DIRECT_OBJC_ISA_USAGE = YES_ERROR;
				CLANG_WARN_EMPTY_BODY = YES;
				CLANG_WARN_ENUM_CONVERSION = YES;
				CLANG_WARN_INFINITE_RECURSION = YES;
				CLANG_WARN_INT_CONVERSION = YES;
				CLANG_WARN_NON_LITERAL_NULL_CONVERSION = YES;
				CLANG_WARN_OBJC_IMPLICIT_RETAIN_SELF = YES;
				CLANG_WARN_OBJC_LITERAL_CONVERSION = YES;
				CLANG_WARN_OBJC_ROOT_CLASS = YES_ERROR;
				CLANG_WARN_QUOTED_INCLUDE_IN_FRAMEWORK_HEADER = YES;
				CLANG_WARN_RANGE_LOOP_ANALYSIS = YES;
				CLANG_WARN_STRICT_PROTOTYPES = YES;
				CLANG_WARN_SUSPICIOUS_MOVE = YES;
				CLANG_WARN_UNREACHABLE_CODE = YES;
				CLANG_WARN__DUPLICATE_METHOD_MATCH = YES;
				"CODE_SIGN_IDENTITY[sdk=iphoneos*]" = "iPhone Developer";
				COPY_PHASE_STRIP = YES;
				ENABLE_NS_ASSERTIONS = NO;
				ENABLE_STRICT_OBJC_MSGSEND = YES;
				"EXCLUDED_ARCHS[sdk=iphonesimulator*]" = "";
				GCC_C_LANGUAGE_STANDARD = gnu99;
				GCC_NO_COMMON_BLOCKS = YES;
				GCC_WARN_64_TO_32_BIT_CONVERSION = YES;
				GCC_WARN_ABOUT_RETURN_TYPE = YES_ERROR;
				GCC_WARN_UNDECLARED_SELECTOR = YES;
				GCC_WARN_UNINITIALIZED_AUTOS = YES_AGGRESSIVE;
				GCC_WARN_UNUSED_FUNCTION = YES;
				GCC_WARN_UNUSED_VARIABLE = YES;
				IPHONEOS_DEPLOYMENT_TARGET = 15.1;
				LD_RUNPATH_SEARCH_PATHS = (
					/usr/lib/swift,
					"$(inherited)",
				);
				LIBRARY_SEARCH_PATHS = (
					"\"$(SDKROOT)/usr/lib/swift\"",
					"\"$(TOOLCHAIN_DIR)/usr/lib/swift/$(PLATFORM_NAME)\"",
					"\"$(inherited)\"",
				);
				MTL_ENABLE_DEBUG_INFO = NO;
				OTHER_CFLAGS = (
					"$(inherited)",
					"-DRCT_REMOVE_LEGACY_ARCH=1",
				);
				OTHER_CPLUSPLUSFLAGS = (
					"$(OTHER_CFLAGS)",
					"-DFOLLY_NO_CONFIG",
					"-DFOLLY_MOBILE=1",
					"-DFOLLY_USE_LIBCPP=1",
					"-DFOLLY_CFG_NO_COROUTINES=1",
					"-DFOLLY_HAVE_CLOCK_GETTIME=1",
					"-DRCT_REMOVE_LEGACY_ARCH=1",
				);
				REACT_NATIVE_PATH = "${PODS_ROOT}/../../node_modules/react-native";
				SDKROOT = iphoneos;
				SWIFT_ENABLE_EXPLICIT_MODULES = NO;
				USE_HERMES = true;
				VALIDATE_PRODUCT = YES;
			};
			name = Release;
		};
/* End XCBuildConfiguration section */

/* Begin XCConfigurationList section */
		13B07F931A680F5B00A75B9A /* Build configuration list for PBXNativeTarget "Tomo" */ = {
			isa = XCConfigurationList;
			buildConfigurations = (
				13B07F941A680F5B00A75B9A /* Debug */,
				13B07F951A680F5B00A75B9A /* Release */,
			);
			defaultConfigurationIsVisible = 0;
			defaultConfigurationName = Release;
		};
		83CBB9FA1A601CBA00E9B192 /* Build configuration list for PBXProject "Tomo" */ = {
			isa = XCConfigurationList;
			buildConfigurations = (
				83CBBA201A601CBA00E9B192 /* Debug */,
				83CBBA211A601CBA00E9B192 /* Release */,
			);
			defaultConfigurationIsVisible = 0;
			defaultConfigurationName = Release;
		};
/* End XCConfigurationList section */
	};
	rootObject = 83CBB9F71A601CBA00E9B192 /* Project object */;
}
